
Microsoft Visual Studio Solution File, Format Version 12.00
# Visual Studio Version 16
VisualStudioVersion = 16.0.28803.452
MinimumVisualStudioVersion = 10.0.40219.1
Project("{FAE04EC0-301F-11D3-BF4B-00C04F79EFBC}") = "myetrace", "myetrace\myetrace.csproj", "{0451777E-1144-44B3-9928-3972B504938B}"
EndProject
Global
	GlobalSection(SolutionConfigurationPlatforms) = preSolution
		Debug|Any CPU = Debug|Any CPU
		Release|Any CPU = Release|Any CPU
	EndGlobalSection
	GlobalSection(ProjectConfigurationPlatforms) = postSolution
		{0451777E-1144-44B3-9928-3972B504938B}.Debug|Any CPU.ActiveCfg = Debug|Any CPU
		{0451777E-1144-44B3-9928-3972B504938B}.Debug|Any CPU.Build.0 = Debug|Any CPU
		{0451777E-1144-44B3-9928-3972B504938B}.Release|Any CPU.ActiveCfg = Release|Any CPU
		{0451777E-1144-44B3-9928-3972B504938B}.Release|Any CPU.Build.0 = Release|Any CPU
	EndGlobalSection
	GlobalSection(SolutionProperties) = preSolution
		HideSolutionNode = FALSE
	EndGlobalSection
	GlobalSection(ExtensibilityGlobals) = postSolution
		SolutionGuid = {ADA232C0-660E-4EFA-A385-D2EE187889EA}
	EndGlobalSection
EndGlobal
